<?xml version="1.0" encoding="utf-8"?>
<Project ToolsVersion="4.0" xmlns="http://schemas.microsoft.com/developer/msbuild/2003">
  <ItemGroup>
    <Filter Include="utils">
      <UniqueIdentifier>{8d5d5c06-cb9b-4f02-ba89-efe8f96169e9}</UniqueIdentifier>
    </Filter>
    <Filter Include="resources files">
      <UniqueIdentifier>{67DA6AB6-F800-4c08-8B7A-83BB121AAD01}</UniqueIdentifier>
      <Extensions>rc;ico;cur;bmp;dlg;rc2;rct;bin;rgs;gif;jpg;jpeg;jpe;resx;tiff;tif;png;wav;mfcribbon-ms</Extensions>
    </Filter>
    <Filter Include="renderers">
      <UniqueIdentifier>{16c3c585-98a1-414f-b2de-f346312dfab5}</UniqueIdentifier>
    </Filter>
    <Filter Include="graphic_contexts">
      <UniqueIdentifier>{84f3a241-31ce-42de-a652-4b226ad04e71}</UniqueIdentifier>
    </Filter>
    <Filter Include="projects">
      <UniqueIdentifier>{0b7a3e3c-f0e3-402f-a875-24fba6c53e0c}</UniqueIdentifier>
    </Filter>
    <Filter Include="blueprints">
      <UniqueIdentifier>{44371408-5efa-407e-ad79-ce1436115649}</UniqueIdentifier>
    </Filter>
    <Filter Include="emitters">
      <UniqueIdentifier>{a657774c-5b58-44fa-beb8-492de8522ded}</UniqueIdentifier>
    </Filter>
    <Filter Include="dynamics">
      <UniqueIdentifier>{d6d97415-d2b5-427f-afa1-cc7feec5e86b}</UniqueIdentifier>
    </Filter>
    <Filter Include="core">
      <UniqueIdentifier>{d012dbe7-62f2-46c8-b163-ce9c7bbc8813}</UniqueIdentifier>
    </Filter>
    <Filter Include="resources files\shaders">
      <UniqueIdentifier>{329cd6e0-1842-41e9-a28a-28e9b3323b37}</UniqueIdentifier>
    </Filter>
    <Filter Include="main">
      <UniqueIdentifier>{38f8c360-e7cc-499d-bc53-8ec79fa61ba1}</UniqueIdentifier>
    </Filter>
    <Filter Include="projects\meme">
      <UniqueIdentifier>{f9e4dd6a-ab0c-450e-b918-80d60f6805e6}</UniqueIdentifier>
    </Filter>
  </ItemGroup>
  <ItemGroup>
    <ClCompile Include="src\random_fountain_emitter.cc">
      <Filter>emitters</Filter>
    </ClCompile>
    <ClCompile Include="src\rain_emitter.cc">
      <Filter>emitters</Filter>
    </ClCompile>
    <ClCompile Include="src\basic_stream_emitter.cc">
      <Filter>emitters</Filter>
    </ClCompile>
    <ClCompile Include="src\spherical_stream_emitter.cc">
      <Filter>emitters</Filter>
    </ClCompile>
    <ClCompile Include="src\gravity_acceleration.cc">
      <Filter>dynamics</Filter>
    </ClCompile>
    <ClCompile Include="src\euler_particle_updater.cc">
      <Filter>dynamics</Filter>
    </ClCompile>
    <ClCompile Include="src\core_opengl_renderer.cc">
      <Filter>renderers</Filter>
    </ClCompile>
    <ClCompile Include="src\particle_module.cc">
      <Filter>core</Filter>
    </ClCompile>
    <ClCompile Include="src\shader_factory.cc">
      <Filter>utils</Filter>
    </ClCompile>
    <ClCompile Include="src\shader_module.cc">
      <Filter>utils</Filter>
    </ClCompile>
    <ClCompile Include="src\texture_factory.cc">
      <Filter>utils</Filter>
    </ClCompile>
    <ClCompile Include="src\texture_module.cc">
      <Filter>utils</Filter>
    </ClCompile>
    <ClCompile Include="src\camera.cc">
      <Filter>utils</Filter>
    </ClCompile>
    <ClCompile Include="src\texture_core_gl_renderer.cc">
      <Filter>renderers</Filter>
    </ClCompile>
    <ClCompile Include="src\particle_attractor.cc">
      <Filter>dynamics</Filter>
    </ClCompile>
    <ClCompile Include="src\proximity_color_updater.cc">
      <Filter>dynamics</Filter>
    </ClCompile>
    <ClCompile Include="src\avx_particle_attractor.cc">
      <Filter>dynamics</Filter>
    </ClCompile>
    <ClCompile Include="src\event_handler.cc">
      <Filter>utils</Filter>
    </ClCompile>
    <ClCompile Include="src\main.cc">
      <Filter>main</Filter>
    </ClCompile>
    <ClCompile Include="src\app.cc">
      <Filter>main</Filter>
    </ClCompile>
    <ClCompile Include="src\graphic_context.cc">
      <Filter>graphic_contexts</Filter>
    </ClCompile>
    <ClCompile Include="src\opengl_context.cc">
      <Filter>graphic_contexts</Filter>
    </ClCompile>
    <ClCompile Include="src\scene.cc">
      <Filter>utils</Filter>
    </ClCompile>
    <ClCompile Include="src\project_dictionary.cc">
      <Filter>main</Filter>
    </ClCompile>
    <ClCompile Include="src\meme.cc">
      <Filter>projects\meme</Filter>
    </ClCompile>
    <ClCompile Include="src\rain_particles_blueprint.cc">
      <Filter>blueprints</Filter>
    </ClCompile>
  </ItemGroup>
  <ItemGroup>
    <ClInclude Include="src\dynamic.hh">
      <Filter>dynamics</Filter>
    </ClInclude>
    <ClInclude Include="src\renderer.hh">
      <Filter>renderers</Filter>
    </ClInclude>
    <ClInclude Include="src\particle_pool.hh">
      <Filter>core</Filter>
    </ClInclude>
    <ClInclude Include="src\particle_system.hh">
      <Filter>core</Filter>
    </ClInclude>
    <ClInclude Include="src\macro_definitions.hh">
      <Filter>utils</Filter>
    </ClInclude>
    <ClInclude Include="src\timer.hh">
      <Filter>utils</Filter>
    </ClInclude>
    <ClInclude Include="src\emitter.hh">
      <Filter>emitters</Filter>
    </ClInclude>
    <ClInclude Include="src\random_fountain_emitter.hh">
      <Filter>emitters</Filter>
    </ClInclude>
    <ClInclude Include="src\rain_emitter.hh">
      <Filter>emitters</Filter>
    </ClInclude>
    <ClInclude Include="src\basic_stream_emitter.hh">
      <Filter>emitters</Filter>
    </ClInclude>
    <ClInclude Include="src\spherical_stream_emitter.hh">
      <Filter>emitters</Filter>
    </ClInclude>
    <ClInclude Include="src\gravity_acceleration.hh">
      <Filter>dynamics</Filter>
    </ClInclude>
    <ClInclude Include="src\euler_particle_updater.hh">
      <Filter>dynamics</Filter>
    </ClInclude>
    <ClInclude Include="src\particle_system_interface.hh">
      <Filter>core</Filter>
    </ClInclude>
    <ClInclude Include="src\particle_core_data.hh">
      <Filter>core</Filter>
    </ClInclude>
    <ClInclude Include="src\particle_pool_core.hh">
      <Filter>core</Filter>
    </ClInclude>
    <ClInclude Include="src\core_opengl_renderer.hh">
      <Filter>renderers</Filter>
    </ClInclude>
    <ClInclude Include="src\singleton.hh">
      <Filter>utils</Filter>
    </ClInclude>
    <ClInclude Include="src\particle_module.hh">
      <Filter>core</Filter>
    </ClInclude>
    <ClInclude Include="src\shader_factory.hh">
      <Filter>utils</Filter>
    </ClInclude>
    <ClInclude Include="src\shader_module.hh">
      <Filter>utils</Filter>
    </ClInclude>
    <ClInclude Include="src\texture_factory.hh">
      <Filter>utils</Filter>
    </ClInclude>
    <ClInclude Include="src\texture_module.hh">
      <Filter>utils</Filter>
    </ClInclude>
    <ClInclude Include="src\camera.hh">
      <Filter>utils</Filter>
    </ClInclude>
    <ClInclude Include="src\texture_core_gl_renderer.hh">
      <Filter>renderers</Filter>
    </ClInclude>
    <ClInclude Include="src\particle_attractor.hh">
      <Filter>dynamics</Filter>
    </ClInclude>
    <ClInclude Include="src\proximity_color_updater.hh">
      <Filter>dynamics</Filter>
    </ClInclude>
    <ClInclude Include="src\avx_particle_attractor.hh">
      <Filter>dynamics</Filter>
    </ClInclude>
    <ClInclude Include="src\event_handler.hh">
      <Filter>utils</Filter>
    </ClInclude>
    <ClInclude Include="src\app.hh">
      <Filter>main</Filter>
    </ClInclude>
    <ClInclude Include="src\opengl_context.hh">
      <Filter>graphic_contexts</Filter>
    </ClInclude>
    <ClInclude Include="src\graphic_context.hh">
      <Filter>graphic_contexts</Filter>
    </ClInclude>
    <ClInclude Include="src\scene.hh">
      <Filter>utils</Filter>
    </ClInclude>
    <ClInclude Include="src\project_dictionary.hh">
      <Filter>main</Filter>
    </ClInclude>
    <ClInclude Include="src\meme.hh">
      <Filter>projects\meme</Filter>
    </ClInclude>
    <ClInclude Include="src\rain_particles_blueprint.hh">
      <Filter>blueprints</Filter>
    </ClInclude>
  </ItemGroup>
  <ItemGroup>
    <None Include="shaders\default.comp">
      <Filter>resources files\shaders</Filter>
    </None>
    <None Include="shaders\default.frag">
      <Filter>resources files\shaders</Filter>
    </None>
    <None Include="shaders\default.tesc">
      <Filter>resources files\shaders</Filter>
    </None>
    <None Include="shaders\default.tese">
      <Filter>resources files\shaders</Filter>
    </None>
    <None Include="shaders\debug_axes.vert">
      <Filter>resources files\shaders</Filter>
    </None>
    <None Include="shaders\particle_billboard.geom">
      <Filter>resources files\shaders</Filter>
    </None>
    <None Include="shaders\particle_billboard.vert">
      <Filter>resources files\shaders</Filter>
    </None>
    <None Include="shaders\simple_texture.frag">
      <Filter>resources files\shaders</Filter>
    </None>
    <None Include="shaders\test.frag">
      <Filter>resources files\shaders</Filter>
    </None>
    <None Include="shaders\test.vert">
      <Filter>resources files\shaders</Filter>
    </None>
    <None Include="shaders\default.vert">
      <Filter>resources files\shaders</Filter>
    </None>
  </ItemGroup>
</Project>